// !$*UTF8*$!
{
	archiveVersion = 1;
	classes = {
	};
	objectVersion = 77;
	objects = {

/* Begin PBXBuildFile section */
		AF21EBE62DBA9F5F009AF60F /* PlayerDetail.swift in Sources */ = {isa = PBXBuildFile; fileRef = AF21EBD82DBA9F5F009AF60F /* PlayerDetail.swift */; };
		AF21EBE72DBA9F5F009AF60F /* Player.swift in Sources */ = {isa = PBXBuildFile; fileRef = AF21EBD92DBA9F5F009AF60F /* Player.swift */; };
		AF21EBE82DBA9F5F009AF60F /* PlayerDetailViewModel.swift in Sources */ = {isa = PBXBuildFile; fileRef = AF21EBDD2DBA9F5F009AF60F /* PlayerDetailViewModel.swift */; };
		AF21EBE92DBA9F5F009AF60F /* PlayerViewModel.swift in Sources */ = {isa = PBXBuildFile; fileRef = AF21EBDE2DBA9F5F009AF60F /* PlayerViewModel.swift */; };
		AF21EBEA2DBA9F5F009AF60F /* PlayerDetailView.swift in Sources */ = {isa = PBXBuildFile; fileRef = AF21EBE02DBA9F5F009AF60F /* PlayerDetailView.swift */; };
		AF21EBEB2DBA9F5F009AF60F /* PlayerView.swift in Sources */ = {isa = PBXBuildFile; fileRef = AF21EBE12DBA9F5F009AF60F /* PlayerView.swift */; };
		AF21EBEC2DBA9F5F009AF60F /* Test_the_data_for_NHL_PlayersApp.swift in Sources */ = {isa = PBXBuildFile; fileRef = AF21EBE42DBA9F5F009AF60F /* Test_the_data_for_NHL_PlayersApp.swift */; };
		AF21EBED2DBA9F5F009AF60F /* Preview Assets.xcassets in Resources */ = {isa = PBXBuildFile; fileRef = AF21EBDB2DBA9F5F009AF60F /* Preview Assets.xcassets */; };
		AF21EBEE2DBA9F5F009AF60F /* Assets.xcassets in Resources */ = {isa = PBXBuildFile; fileRef = AF21EBE32DBA9F5F009AF60F /* Assets.xcassets */; };
		AF4156552DC7E9BA00899323 /* Search.swift in Sources */ = {isa = PBXBuildFile; fileRef = AF4156542DC7E9BA00899323 /* Search.swift */; };
		AF4156592DC7F4BE00899323 /* Player Search.swift in Sources */ = {isa = PBXBuildFile; fileRef = AF4156582DC7F4BE00899323 /* Player Search.swift */; };
/* End PBXBuildFile section */

/* Begin PBXFileReference section */
		AF21EBD82DBA9F5F009AF60F /* PlayerDetail.swift */ = {isa = PBXFileReference; lastKnownFileType = sourcecode.swift; path = PlayerDetail.swift; sourceTree = "<group>"; };
		AF21EBD92DBA9F5F009AF60F /* Player.swift */ = {isa = PBXFileReference; lastKnownFileType = sourcecode.swift; path = Player.swift; sourceTree = "<group>"; };
		AF21EBDB2DBA9F5F009AF60F /* Preview Assets.xcassets */ = {isa = PBXFileReference; lastKnownFileType = folder.assetcatalog; path = "Preview Assets.xcassets"; sourceTree = "<group>"; };
		AF21EBDD2DBA9F5F009AF60F /* PlayerDetailViewModel.swift */ = {isa = PBXFileReference; lastKnownFileType = sourcecode.swift; path = PlayerDetailViewModel.swift; sourceTree = "<group>"; };
		AF21EBDE2DBA9F5F009AF60F /* PlayerViewModel.swift */ = {isa = PBXFileReference; lastKnownFileType = sourcecode.swift; path = PlayerViewModel.swift; sourceTree = "<group>"; };
		AF21EBE02DBA9F5F009AF60F /* PlayerDetailView.swift */ = {isa = PBXFileReference; lastKnownFileType = sourcecode.swift; path = PlayerDetailView.swift; sourceTree = "<group>"; };
		AF21EBE12DBA9F5F009AF60F /* PlayerView.swift */ = {isa = PBXFileReference; lastKnownFileType = sourcecode.swift; path = PlayerView.swift; sourceTree = "<group>"; };
		AF21EBE32DBA9F5F009AF60F /* Assets.xcassets */ = {isa = PBXFileReference; lastKnownFileType = folder.assetcatalog; path = Assets.xcassets; sourceTree = "<group>"; };
		AF21EBE42DBA9F5F009AF60F /* Test_the_data_for_NHL_PlayersApp.swift */ = {isa = PBXFileReference; lastKnownFileType = sourcecode.swift; path = Test_the_data_for_NHL_PlayersApp.swift; sourceTree = "<group>"; };
		AF4156542DC7E9BA00899323 /* Search.swift */ = {isa = PBXFileReference; lastKnownFileType = sourcecode.swift; path = Search.swift; sourceTree = "<group>"; };
		AF4156582DC7F4BE00899323 /* Player Search.swift */ = {isa = PBXFileReference; lastKnownFileType = sourcecode.swift; path = "Player Search.swift"; sourceTree = "<group>"; };
		AFAEA7CB2DA02E1300309441 /* Test the data for NHL Players.app */ = {isa = PBXFileReference; explicitFileType = wrapper.application; includeInIndex = 0; path = "Test the data for NHL Players.app"; sourceTree = BUILT_PRODUCTS_DIR; };
/* End PBXFileReference section */

/* Begin PBXFrameworksBuildPhase section */
		AFAEA7C82DA02E1300309441 /* Frameworks */ = {
			isa = PBXFrameworksBuildPhase;
			buildActionMask = 2147483647;
			files = (
			);
			runOnlyForDeploymentPostprocessing = 0;
		};
/* End PBXFrameworksBuildPhase section */

/* Begin PBXGroup section */
		AF21EBDA2DBA9F5F009AF60F /* Model */ = {
			isa = PBXGroup;
			children = (
				AF21EBD82DBA9F5F009AF60F /* PlayerDetail.swift */,
				AF21EBD92DBA9F5F009AF60F /* Player.swift */,
			);
			path = Model;
			sourceTree = "<group>";
		};
		AF21EBDC2DBA9F5F009AF60F /* Preview Content */ = {
			isa = PBXGroup;
			children = (
				AF21EBDB2DBA9F5F009AF60F /* Preview Assets.xcassets */,
			);
			path = "Preview Content";
			sourceTree = "<group>";
		};
		AF21EBDF2DBA9F5F009AF60F /* ViewModel */ = {
			isa = PBXGroup;
			children = (
				AF21EBDD2DBA9F5F009AF60F /* PlayerDetailViewModel.swift */,
				AF21EBDE2DBA9F5F009AF60F /* PlayerViewModel.swift */,
			);
			path = ViewModel;
			sourceTree = "<group>";
		};
		AF21EBE22DBA9F5F009AF60F /* Views */ = {
			isa = PBXGroup;
			children = (
				AF21EBE02DBA9F5F009AF60F /* PlayerDetailView.swift */,
				AF21EBE12DBA9F5F009AF60F /* PlayerView.swift */,
			);
			path = Views;
			sourceTree = "<group>";
		};
		AF21EBE52DBA9F5F009AF60F /* Test the data for NHL Players */ = {
			isa = PBXGroup;
			children = (
				AF21EBE42DBA9F5F009AF60F /* Test_the_data_for_NHL_PlayersApp.swift */,
				AF4156532DC7E99E00899323 /* Fuction */,
				AF21EBDA2DBA9F5F009AF60F /* Model */,
				AF21EBDF2DBA9F5F009AF60F /* ViewModel */,
				AF21EBE22DBA9F5F009AF60F /* Views */,
				AF21EBDC2DBA9F5F009AF60F /* Preview Content */,
				AF21EBE32DBA9F5F009AF60F /* Assets.xcassets */,
			);
			path = "Test the data for NHL Players";
			sourceTree = "<group>";
		};
		AF4156532DC7E99E00899323 /* Fuction */ = {
			isa = PBXGroup;
			children = (
				AF4156542DC7E9BA00899323 /* Search.swift */,
				AF4156582DC7F4BE00899323 /* Player Search.swift */,
			);
			path = Fuction;
			sourceTree = "<group>";
		};
		AFAEA7C22DA02E1300309441 = {
			isa = PBXGroup;
			children = (
				AF21EBE52DBA9F5F009AF60F /* Test the data for NHL Players */,
				AFAEA7CC2DA02E1300309441 /* Products */,
			);
			sourceTree = "<group>";
		};
		AFAEA7CC2DA02E1300309441 /* Products */ = {
			isa = PBXGroup;
			children = (
				AFAEA7CB2DA02E1300309441 /* Test the data for NHL Players.app */,
			);
			name = Products;
			sourceTree = "<group>";
		};
/* End PBXGroup section */

/* Begin PBXNativeTarget section */
		AFAEA7CA2DA02E1300309441 /* Test the data for NHL Players */ = {
			isa = PBXNativeTarget;
			buildConfigurationList = AFAEA7D92DA02E1700309441 /* Build configuration list for PBXNativeTarget "Test the data for NHL Players" */;
			buildPhases = (
				AFAEA7C72DA02E1300309441 /* Sources */,
				AFAEA7C82DA02E1300309441 /* Frameworks */,
				AFAEA7C92DA02E1300309441 /* Resources */,
			);
			buildRules = (
			);
			dependencies = (
			);
			name = "Test the data for NHL Players";
			packageProductDependencies = (
			);
			productName = "Test the data for NHL Players";
			productReference = AFAEA7CB2DA02E1300309441 /* Test the data for NHL Players.app */;
			productType = "com.apple.product-type.application";
		};
/* End PBXNativeTarget section */

/* Begin PBXProject section */
		AFAEA7C32DA02E1300309441 /* Project object */ = {
			isa = PBXProject;
			attributes = {
				BuildIndependentTargetsInParallel = 1;
				LastSwiftUpdateCheck = 1600;
				LastUpgradeCheck = 1600;
				TargetAttributes = {
					AFAEA7CA2DA02E1300309441 = {
						CreatedOnToolsVersion = 16.0;
					};
				};
			};
			buildConfigurationList = AFAEA7C62DA02E1300309441 /* Build configuration list for PBXProject "Test the data for NHL Players" */;
			developmentRegion = en;
			hasScannedForEncodings = 0;
			knownRegions = (
				en,
				Base,
			);
			mainGroup = AFAEA7C22DA02E1300309441;
			minimizedProjectReferenceProxies = 1;
			preferredProjectObjectVersion = 77;
			productRefGroup = AFAEA7CC2DA02E1300309441 /* Products */;
			projectDirPath = "";
			projectRoot = "";
			targets = (
				AFAEA7CA2DA02E1300309441 /* Test the data for NHL Players */,
			);
		};
/* End PBXProject section */

/* Begin PBXResourcesBuildPhase section */
		AFAEA7C92DA02E1300309441 /* Resources */ = {
			isa = PBXResourcesBuildPhase;
			buildActionMask = 2147483647;
			files = (
				AF21EBED2DBA9F5F009AF60F /* Preview Assets.xcassets in Resources */,
				AF21EBEE2DBA9F5F009AF60F /* Assets.xcassets in Resources */,
			);
			runOnlyForDeploymentPostprocessing = 0;
		};
/* End PBXResourcesBuildPhase section */

/* Begin PBXSourcesBuildPhase section */
		AFAEA7C72DA02E1300309441 /* Sources */ = {
			isa = PBXSourcesBuildPhase;
			buildActionMask = 2147483647;
			files = (
				AF21EBE62DBA9F5F009AF60F /* PlayerDetail.swift in Sources */,
				AF21EBE72DBA9F5F009AF60F /* Player.swift in Sources */,
				AF21EBE82DBA9F5F009AF60F /* PlayerDetailViewModel.swift in Sources */,
				AF21EBE92DBA9F5F009AF60F /* PlayerViewModel.swift in Sources */,
				AF21EBEA2DBA9F5F009AF60F /* PlayerDetailView.swift in Sources */,
				AF4156552DC7E9BA00899323 /* Search.swift in Sources */,
				AF4156592DC7F4BE00899323 /* Player Search.swift in Sources */,
				AF21EBEB2DBA9F5F009AF60F /* PlayerView.swift in Sources */,
				AF21EBEC2DBA9F5F009AF60F /* Test_the_data_for_NHL_PlayersApp.swift in Sources */,
			);
			runOnlyForDeploymentPostprocessing = 0;
		};
/* End PBXSourcesBuildPhase section */

/* Begin XCBuildConfiguration section */
		AFAEA7D72DA02E1700309441 /* Debug */ = {
			isa = XCBuildConfiguration;
			buildSettings = {
				ALWAYS_SEARCH_USER_PATHS = NO;
				ASSETCATALOG_COMPILER_GENERATE_SWIFT_ASSET_SYMBOL_EXTENSIONS = YES;
				CLANG_ANALYZER_NONNULL = YES;
				CLANG_ANALYZER_NUMBER_OBJECT_CONVERSION = YES_AGGRESSIVE;
				CLANG_CXX_LANGUAGE_STANDARD = "gnu++20";
				CLANG_ENABLE_MODULES = YES;
				CLANG_ENABLE_OBJC_ARC = YES;
				CLANG_ENABLE_OBJC_WEAK = YES;
				CLANG_WARN_BLOCK_CAPTURE_AUTORELEASING = YES;
				CLANG_WARN_BOOL_CONVERSION = YES;
				CLANG_WARN_COMMA = YES;
				CLANG_WARN_CONSTANT_CONVERSION = YES;
				CLANG_WARN_DEPRECATED_OBJC_IMPLEMENTATIONS = YES;
				CLANG_WARN_DIRECT_OBJC_ISA_USAGE = YES_ERROR;
				CLANG_WARN_DOCUMENTATION_COMMENTS = YES;
				CLANG_WARN_EMPTY_BODY = YES;
				CLANG_WARN_ENUM_CONVERSION = YES;
				CLANG_WARN_INFINITE_RECURSION = YES;
				CLANG_WARN_INT_CONVERSION = YES;
				CLANG_WARN_NON_LITERAL_NULL_CONVERSION = YES;
				CLANG_WARN_OBJC_IMPLICIT_RETAIN_SELF = YES;
				CLANG_WARN_OBJC_LITERAL_CONVERSION = YES;
				CLANG_WARN_OBJC_ROOT_CLASS = YES_ERROR;
				CLANG_WARN_QUOTED_INCLUDE_IN_FRAMEWORK_HEADER = YES;
				CLANG_WARN_RANGE_LOOP_ANALYSIS = YES;
				CLANG_WARN_STRICT_PROTOTYPES = YES;
				CLANG_WARN_SUSPICIOUS_MOVE = YES;
				CLANG_WARN_UNGUARDED_AVAILABILITY = YES_AGGRESSIVE;
				CLANG_WARN_UNREACHABLE_CODE = YES;
				CLANG_WARN__DUPLICATE_METHOD_MATCH = YES;
				COPY_PHASE_STRIP = NO;
				DEBUG_INFORMATION_FORMAT = dwarf;
				ENABLE_STRICT_OBJC_MSGSEND = YES;
				ENABLE_TESTABILITY = YES;
				ENABLE_USER_SCRIPT_SANDBOXING = YES;
				GCC_C_LANGUAGE_STANDARD = gnu17;
				GCC_DYNAMIC_NO_PIC = NO;
				GCC_NO_COMMON_BLOCKS = YES;
				GCC_OPTIMIZATION_LEVEL = 0;
				GCC_PREPROCESSOR_DEFINITIONS = (
					"DEBUG=1",
					"$(inherited)",
				);
				GCC_WARN_64_TO_32_BIT_CONVERSION = YES;
				GCC_WARN_ABOUT_RETURN_TYPE = YES_ERROR;
				GCC_WARN_UNDECLARED_SELECTOR = YES;
				GCC_WARN_UNINITIALIZED_AUTOS = YES_AGGRESSIVE;
				GCC_WARN_UNUSED_FUNCTION = YES;
				GCC_WARN_UNUSED_VARIABLE = YES;
				IPHONEOS_DEPLOYMENT_TARGET = 18.0;
				LOCALIZATION_PREFERS_STRING_CATALOGS = YES;
				MTL_ENABLE_DEBUG_INFO = INCLUDE_SOURCE;
				MTL_FAST_MATH = YES;
				ONLY_ACTIVE_ARCH = YES;
				SDKROOT = iphoneos;
				SWIFT_ACTIVE_COMPILATION_CONDITIONS = "DEBUG $(inherited)";
				SWIFT_OPTIMIZATION_LEVEL = "-Onone";
			};
			name = Debug;
		};
		AFAEA7D82DA02E1700309441 /* Release */ = {
			isa = XCBuildConfiguration;
			buildSettings = {
				ALWAYS_SEARCH_USER_PATHS = NO;
				ASSETCATALOG_COMPILER_GENERATE_SWIFT_ASSET_SYMBOL_EXTENSIONS = YES;
				CLANG_ANALYZER_NONNULL = YES;
				CLANG_ANALYZER_NUMBER_OBJECT_CONVERSION = YES_AGGRESSIVE;
				CLANG_CXX_LANGUAGE_STANDARD = "gnu++20";
				CLANG_ENABLE_MODULES = YES;
				CLANG_ENABLE_OBJC_ARC = YES;
				CLANG_ENABLE_OBJC_WEAK = YES;
				CLANG_WARN_BLOCK_CAPTURE_AUTORELEASING = YES;
				CLANG_WARN_BOOL_CONVERSION = YES;
				CLANG_WARN_COMMA = YES;
				CLANG_WARN_CONSTANT_CONVERSION = YES;
				CLANG_WARN_DEPRECATED_OBJC_IMPLEMENTATIONS = YES;
				CLANG_WARN_DIRECT_OBJC_ISA_USAGE = YES_ERROR;
				CLANG_WARN_DOCUMENTATION_COMMENTS = YES;
				CLANG_WARN_EMPTY_BODY = YES;
				CLANG_WARN_ENUM_CONVERSION = YES;
				CLANG_WARN_INFINITE_RECURSION = YES;
				CLANG_WARN_INT_CONVERSION = YES;
				CLANG_WARN_NON_LITERAL_NULL_CONVERSION = YES;
				CLANG_WARN_OBJC_IMPLICIT_RETAIN_SELF = YES;
				CLANG_WARN_OBJC_LITERAL_CONVERSION = YES;
				CLANG_WARN_OBJC_ROOT_CLASS = YES_ERROR;
				CLANG_WARN_QUOTED_INCLUDE_IN_FRAMEWORK_HEADER = YES;
				CLANG_WARN_RANGE_LOOP_ANALYSIS = YES;
				CLANG_WARN_STRICT_PROTOTYPES = YES;
				CLANG_WARN_SUSPICIOUS_MOVE = YES;
				CLANG_WARN_UNGUARDED_AVAILABILITY = YES_AGGRESSIVE;
				CLANG_WARN_UNREACHABLE_CODE = YES;
				CLANG_WARN__DUPLICATE_METHOD_MATCH = YES;
				COPY_PHASE_STRIP = NO;
				DEBUG_INFORMATION_FORMAT = "dwarf-with-dsym";
				ENABLE_NS_ASSERTIONS = NO;
				ENABLE_STRICT_OBJC_MSGSEND = YES;
				ENABLE_USER_SCRIPT_SANDBOXING = YES;
				GCC_C_LANGUAGE_STANDARD = gnu17;
				GCC_NO_COMMON_BLOCKS = YES;
				GCC_WARN_64_TO_32_BIT_CONVERSION = YES;
				GCC_WARN_ABOUT_RETURN_TYPE = YES_ERROR;
				GCC_WARN_UNDECLARED_SELECTOR = YES;
				GCC_WARN_UNINITIALIZED_AUTOS = YES_AGGRESSIVE;
				GCC_WARN_UNUSED_FUNCTION = YES;
				GCC_WARN_UNUSED_VARIABLE = YES;
				IPHONEOS_DEPLOYMENT_TARGET = 18.0;
				LOCALIZATION_PREFERS_STRING_CATALOGS = YES;
				MTL_ENABLE_DEBUG_INFO = NO;
				MTL_FAST_MATH = YES;
				SDKROOT = iphoneos;
				SWIFT_COMPILATION_MODE = wholemodule;
				VALIDATE_PRODUCT = YES;
			};
			name = Release;
		};
		AFAEA7DA2DA02E1700309441 /* Debug */ = {
			isa = XCBuildConfiguration;
			buildSettings = {
				ASSETCATALOG_COMPILER_APPICON_NAME = AppIcon;
				ASSETCATALOG_COMPILER_GLOBAL_ACCENT_COLOR_NAME = AccentColor;
				CODE_SIGN_STYLE = Automatic;
				CURRENT_PROJECT_VERSION = 1;
				DEVELOPMENT_ASSET_PATHS = "\"Test the data for NHL Players/Preview Content\"";
				DEVELOPMENT_TEAM = 4UG443984D;
				ENABLE_PREVIEWS = YES;
				GENERATE_INFOPLIST_FILE = YES;
				INFOPLIST_KEY_UIApplicationSceneManifest_Generation = YES;
				INFOPLIST_KEY_UIApplicationSupportsIndirectInputEvents = YES;
				INFOPLIST_KEY_UILaunchScreen_Generation = YES;
				INFOPLIST_KEY_UISupportedInterfaceOrientations_iPad = "UIInterfaceOrientationPortrait UIInterfaceOrientationPortraitUpsideDown UIInterfaceOrientationLandscapeLeft UIInterfaceOrientationLandscapeRight";
				INFOPLIST_KEY_UISupportedInterfaceOrientations_iPhone = "UIInterfaceOrientationPortrait UIInterfaceOrientationLandscapeLeft UIInterfaceOrientationLandscapeRight";
				LD_RUNPATH_SEARCH_PATHS = (
					"$(inherited)",
					"@executable_path/Frameworks",
				);
				MARKETING_VERSION = 1.0;
				PRODUCT_BUNDLE_IDENTIFIER = "ca.thomaschao.Test-the-data-for-NHL-Players";
				PRODUCT_NAME = "$(TARGET_NAME)";
				SWIFT_EMIT_LOC_STRINGS = YES;
				SWIFT_VERSION = 5.0;
				TARGETED_DEVICE_FAMILY = "1,2";
			};
			name = Debug;
		};
		AFAEA7DB2DA02E1700309441 /* Release */ = {
			isa = XCBuildConfiguration;
			buildSettings = {
				ASSETCATALOG_COMPILER_APPICON_NAME = AppIcon;
				ASSETCATALOG_COMPILER_GLOBAL_ACCENT_COLOR_NAME = AccentColor;
				CODE_SIGN_STYLE = Automatic;
				CURRENT_PROJECT_VERSION = 1;
				DEVELOPMENT_ASSET_PATHS = "\"Test the data for NHL Players/Preview Content\"";
				DEVELOPMENT_TEAM = 4UG443984D;
				ENABLE_PREVIEWS = YES;
				GENERATE_INFOPLIST_FILE = YES;
				INFOPLIST_KEY_UIApplicationSceneManifest_Generation = YES;
				INFOPLIST_KEY_UIApplicationSupportsIndirectInputEvents = YES;
				INFOPLIST_KEY_UILaunchScreen_Generation = YES;
				INFOPLIST_KEY_UISupportedInterfaceOrientations_iPad = "UIInterfaceOrientationPortrait UIInterfaceOrientationPortraitUpsideDown UIInterfaceOrientationLandscapeLeft UIInterfaceOrientationLandscapeRight";
				INFOPLIST_KEY_UISupportedInterfaceOrientations_iPhone = "UIInterfaceOrientationPortrait UIInterfaceOrientationLandscapeLeft UIInterfaceOrientationLandscapeRight";
				LD_RUNPATH_SEARCH_PATHS = (
					"$(inherited)",
					"@executable_path/Frameworks",
				);
				MARKETING_VERSION = 1.0;
				PRODUCT_BUNDLE_IDENTIFIER = "ca.thomaschao.Test-the-data-for-NHL-Players";
				PRODUCT_NAME = "$(TARGET_NAME)";
				SWIFT_EMIT_LOC_STRINGS = YES;
				SWIFT_VERSION = 5.0;
				TARGETED_DEVICE_FAMILY = "1,2";
			};
			name = Release;
		};
/* End XCBuildConfiguration section */

/* Begin XCConfigurationList section */
		AFAEA7C62DA02E1300309441 /* Build configuration list for PBXProject "Test the data for NHL Players" */ = {
			isa = XCConfigurationList;
			buildConfigurations = (
				AFAEA7D72DA02E1700309441 /* Debug */,
				AFAEA7D82DA02E1700309441 /* Release */,
			);
			defaultConfigurationIsVisible = 0;
			defaultConfigurationName = Release;
		};
		AFAEA7D92DA02E1700309441 /* Build configuration list for PBXNativeTarget "Test the data for NHL Players" */ = {
			isa = XCConfigurationList;
			buildConfigurations = (
				AFAEA7DA2DA02E1700309441 /* Debug */,
				AFAEA7DB2DA02E1700309441 /* Release */,
			);
			defaultConfigurationIsVisible = 0;
			defaultConfigurationName = Release;
		};
/* End XCConfigurationList section */
	};
	rootObject = AFAEA7C32DA02E1300309441 /* Project object */;
}
